{
  "name": "osc-sdk-js-volume-create-node-example",
  "version": "0.1.0",
  "lockfileVersion": 2,
  "requires": true,
  "packages": {
    "": {
      "name": "osc-sdk-js-volume-create-node-example",
      "version": "0.1.0",
      "license": "BSD-3-Clause",
      "dependencies": {
        "outscale-api": "file:../.."
      },
      "devDependencies": {
        "@types/node": "^17.0.35"
      }
    },
    "node_modules/@types/node": {
      "version": "17.0.35",
      "resolved": "https://registry.npmjs.org/@types/node/-/node-17.0.35.tgz",
      "integrity": "sha512-vu1SrqBjbbZ3J6vwY17jBs8Sr/BKA+/a/WtjRG+whKg1iuLFOosq872EXS0eXWILdO36DHQQeku/ZcL6hz2fpg==",
      "dev": true
    },
    "node_modules/aws4fetch": {
      "version": "1.0.13",
      "resolved": "git+ssh://git@github.com/outscale-dev/aws4fetch.git#43a1014876fadbb3f19ac9271b3a373b7f6fdb39",
      "license": "MIT"
    },
    "node_modules/outscale-api": {
      "version": "0.10.0",
      "resolved": "file:../..",
      "license": "BSD-3-Clause",
      "dependencies": {
        "aws4fetch": "github:outscale-dev/aws4fetch"
      }
    }
  },
  "dependencies": {
    "@types/node": {
      "version": "17.0.35",
      "resolved": "https://registry.npmjs.org/@types/node/-/node-17.0.35.tgz",
      "integrity": "sha512-vu1SrqBjbbZ3J6vwY17jBs8Sr/BKA+/a/WtjRG+whKg1iuLFOosq872EXS0eXWILdO36DHQQeku/ZcL6hz2fpg==",
      "dev": true
    },
    "aws4fetch": {
      "version": "git+ssh://git@github.com/outscale-dev/aws4fetch.git#43a1014876fadbb3f19ac9271b3a373b7f6fdb39",
      "from": "aws4fetch@github:outscale-dev/aws4fetch"
    },
    "outscale-api": {
      "version": "0.10.0",
      "requires": {
        "aws4fetch": "github:outscale-dev/aws4fetch"
      }
    }
  }
}
