{
  "name": "outscale-api",
  "version": "0.6.0",
  "lockfileVersion": 2,
  "requires": true,
  "packages": {
    "": {
      "name": "outscale-api",
      "version": "0.6.0",
      "license": "BSD-3-Clause",
      "dependencies": {
        "aws4fetch": "github:outscale-dev/aws4fetch"
      },
      "devDependencies": {
        "typescript": "^4.7"
      }
    },
    "node_modules/aws4fetch": {
      "version": "1.0.13",
      "resolved": "git+ssh://git@github.com/outscale-dev/aws4fetch.git#88146abc0dff99a5abc16ad2964a54f2d601f4fd",
      "integrity": "sha512-IWo6b/dIShmHUo0+YXfKjYCfORVLQ0Kx+BVoTpK7XI+O402AwBYQFqUAGuUOxLB0NiVbjl5JjeO6LNf9ACTPIg==",
      "license": "MIT"
    },
    "node_modules/typescript": {
      "version": "4.7.4",
      "resolved": "https://registry.npmjs.org/typescript/-/typescript-4.7.4.tgz",
      "integrity": "sha512-C0WQT0gezHuw6AdY1M2jxUO83Rjf0HP7Sk1DtXj6j1EwkQNZrHAg2XPWlq62oqEhYvONq5pkC2Y9oPljWToLmQ==",
      "dev": true,
      "bin": {
        "tsc": "bin/tsc",
        "tsserver": "bin/tsserver"
      },
      "engines": {
        "node": ">=4.2.0"
      }
    }
  },
  "dependencies": {
    "aws4fetch": {
      "version": "git+ssh://git@github.com/outscale-dev/aws4fetch.git#88146abc0dff99a5abc16ad2964a54f2d601f4fd",
      "integrity": "sha512-IWo6b/dIShmHUo0+YXfKjYCfORVLQ0Kx+BVoTpK7XI+O402AwBYQFqUAGuUOxLB0NiVbjl5JjeO6LNf9ACTPIg==",
      "from": "aws4fetch@github:outscale-dev/aws4fetch#88146abc0dff99a5abc16ad2964a54f2d601f4fd"
    },
    "typescript": {
      "version": "4.7.4",
      "resolved": "https://registry.npmjs.org/typescript/-/typescript-4.7.4.tgz",
      "integrity": "sha512-C0WQT0gezHuw6AdY1M2jxUO83Rjf0HP7Sk1DtXj6j1EwkQNZrHAg2XPWlq62oqEhYvONq5pkC2Y9oPljWToLmQ==",
      "dev": true
    }
  }
}
