{
  "name": "outscale-api",
  "version": "0.3.0",
  "lockfileVersion": 2,
  "requires": true,
  "packages": {
    "": {
      "name": "outscale-api",
      "version": "0.3.0",
      "license": "BSD-3-Clause",
      "dependencies": {
        "aws4fetch": "github:outscale-dev/aws4fetch"
      },
      "devDependencies": {
        "typescript": "^4.7"
      }
    },
    "node_modules/aws4fetch": {
      "version": "1.0.13",
      "resolved": "git+ssh://git@github.com/outscale-dev/aws4fetch.git#dcd7e13ee42facf987272bf17b1cc8efaaf03d1d",
      "license": "MIT"
    },
    "node_modules/typescript": {
      "version": "4.8.3",
      "resolved": "https://registry.npmjs.org/typescript/-/typescript-4.8.3.tgz",
      "integrity": "sha512-goMHfm00nWPa8UvR/CPSvykqf6dVV8x/dp0c5mFTMTIu0u0FlGWRioyy7Nn0PGAdHxpJZnuO/ut+PpQ8UiHAig==",
      "dev": true,
      "bin": {
        "tsc": "bin/tsc",
        "tsserver": "bin/tsserver"
      },
      "engines": {
        "node": ">=4.2.0"
      }
    }
  },
  "dependencies": {
    "aws4fetch": {
      "version": "git+ssh://git@github.com/outscale-dev/aws4fetch.git#dcd7e13ee42facf987272bf17b1cc8efaaf03d1d",
      "from": "aws4fetch@github:outscale-dev/aws4fetch"
    },
    "typescript": {
      "version": "4.8.3",
      "resolved": "https://registry.npmjs.org/typescript/-/typescript-4.8.3.tgz",
      "integrity": "sha512-goMHfm00nWPa8UvR/CPSvykqf6dVV8x/dp0c5mFTMTIu0u0FlGWRioyy7Nn0PGAdHxpJZnuO/ut+PpQ8UiHAig==",
      "dev": true
    }
  }
}
