{
  "name": "outscale-api",
  "version": "0.14.0",
  "lockfileVersion": 3,
  "requires": true,
  "packages": {
    "": {
      "name": "outscale-api",
      "version": "0.14.0",
      "license": "BSD-3-Clause",
      "dependencies": {
        "aws4fetch": "^1.0.13"
      },
      "devDependencies": {
        "typescript": "^4.7"
      }
    },
    "node_modules/aws4fetch": {
      "version": "1.0.17",
      "resolved": "https://registry.npmjs.org/aws4fetch/-/aws4fetch-1.0.17.tgz",
      "integrity": "sha512-4IbOvsxqxeOSxI4oA+8xEO8SzBMVlzbSTgGy/EF83rHnQ/aKtP6Sc6YV/k0oiW0mqrcxuThlbDosnvetGOuO+g=="
    },
    "node_modules/typescript": {
      "version": "4.9.5",
      "resolved": "https://registry.npmjs.org/typescript/-/typescript-4.9.5.tgz",
      "integrity": "sha512-1FXk9E2Hm+QzZQ7z+McJiHL4NW1F2EzMu9Nq9i3zAaGqibafqYwCVU6WyWAuyQRRzOlxou8xZSyXLEN8oKj24g==",
      "dev": true,
      "bin": {
        "tsc": "bin/tsc",
        "tsserver": "bin/tsserver"
      },
      "engines": {
        "node": ">=4.2.0"
      }
    }
  }
}
